
Microsoft Visual Studio Solution File, Format Version 12.00
# Visual Studio Version 17
VisualStudioVersion = 17.5.33424.131
MinimumVisualStudioVersion = 10.0.40219.1
Project("{FAE04EC0-301F-11D3-BF4B-00C04F79EFBC}") = "AppCalculadoraDiversa", "AppCalculadoraDiversa\AppCalculadoraDiversa.csproj", "{BB6B48A1-ED6D-4DC9-B4AE-0D310855D900}"
EndProject
Global
	GlobalSection(SolutionConfigurationPlatforms) = preSolution
		Debug|Any CPU = Debug|Any CPU
		Release|Any CPU = Release|Any CPU
	EndGlobalSection
	GlobalSection(ProjectConfigurationPlatforms) = postSolution
		{BB6B48A1-ED6D-4DC9-B4AE-0D310855D900}.Debug|Any CPU.ActiveCfg = Debug|Any CPU
		{BB6B48A1-ED6D-4DC9-B4AE-0D310855D900}.Debug|Any CPU.Build.0 = Debug|Any CPU
		{BB6B48A1-ED6D-4DC9-B4AE-0D310855D900}.Release|Any CPU.ActiveCfg = Release|Any CPU
		{BB6B48A1-ED6D-4DC9-B4AE-0D310855D900}.Release|Any CPU.Build.0 = Release|Any CPU
	EndGlobalSection
	GlobalSection(SolutionProperties) = preSolution
		HideSolutionNode = FALSE
	EndGlobalSection
	GlobalSection(ExtensibilityGlobals) = postSolution
		SolutionGuid = {B8DA30B0-2E6A-4269-B9A3-3B9BB0A2A760}
	EndGlobalSection
EndGlobal
